# THIS IS AN AUTOGENERATED FILE. DO NOT EDIT THIS FILE DIRECTLY.
# yarn lockfile v1


"@babel/code-frame@^7.10.4":
  "integrity" "sha512-HV1Cm0Q3ZrpCR93tkWOYiuYIgLxZXZFVG2VgK+MBWjUqZTundupbfx2aXarXuw5Ko5aMcjtJgbSs4vUGBS5v6g=="
  "resolved" "https://registry.yarnpkg.com/@babel/code-frame/-/code-frame-7.12.13.tgz"
  "version" "7.12.13"
  dependencies:
    "@babel/highlight" "^7.12.13"

"@babel/helper-validator-identifier@^7.12.11":
  "integrity" "sha512-np/lG3uARFybkoHokJUmf1QfEvRVCPbmQeUQpKow5cQ3xWrV9i3rUHodKDJPQfTVX61qKi+UdYk8kik84n7XOw=="
  "resolved" "https://registry.yarnpkg.com/@babel/helper-validator-identifier/-/helper-validator-identifier-7.12.11.tgz"
  "version" "7.12.11"

"@babel/highlight@^7.12.13":
  "integrity" "sha512-kocDQvIbgMKlWxXe9fof3TQ+gkIPOUSEYhJjqUjvKMez3krV7vbzYCDq39Oj11UAVK7JqPVGQPlgE85dPNlQww=="
  "resolved" "https://registry.yarnpkg.com/@babel/highlight/-/highlight-7.12.13.tgz"
  "version" "7.12.13"
  dependencies:
    "@babel/helper-validator-identifier" "^7.12.11"
    "chalk" "^2.0.0"
    "js-tokens" "^4.0.0"

"@babel/runtime-corejs3@^7.10.2":
  "integrity" "sha512-8fSpqYRETHATtNitsCXq8QQbKJP31/KnDl2Wz2Vtui9nKzjss2ysuZtyVsWjBtvkeEFo346gkwjYPab1hvrXkQ=="
  "resolved" "https://registry.yarnpkg.com/@babel/runtime-corejs3/-/runtime-corejs3-7.12.13.tgz"
  "version" "7.12.13"
  dependencies:
    "core-js-pure" "^3.0.0"
    "regenerator-runtime" "^0.13.4"

"@babel/runtime@^7.1.2", "@babel/runtime@^7.10.2", "@babel/runtime@^7.12.1", "@babel/runtime@^7.12.5", "@babel/runtime@^7.9.2":
  "integrity" "sha512-8+3UMPBrjFa/6TtKi/7sehPKqfAm4g6K+YQjyyFOLUTxzOngcRZTlAVY8sc2CORJYqdHQY8gRPHmn+qo15rCBw=="
  "resolved" "https://registry.yarnpkg.com/@babel/runtime/-/runtime-7.12.13.tgz"
  "version" "7.12.13"
  dependencies:
    "regenerator-runtime" "^0.13.4"

"@emotion/cache@^10.0.27":
  "integrity" "sha512-fU2VtSVlHiF27empSbxi1O2JFdNWZO+2NFHfwO0pxgTep6Xa3uGb+3pVKfLww2l/IBGLNEZl5Xf/++A4wAYDYQ=="
  "resolved" "https://registry.npmjs.org/@emotion/cache/-/cache-10.0.29.tgz"
  "version" "10.0.29"
  dependencies:
    "@emotion/sheet" "0.9.4"
    "@emotion/stylis" "0.8.5"
    "@emotion/utils" "0.11.3"
    "@emotion/weak-memoize" "0.2.5"

"@emotion/hash@0.8.0":
  "integrity" "sha512-kBJtf7PH6aWwZ6fka3zQ0p6SBYzx4fl1LoZXE2RrnYST9Xljm7WfKJrU4g/Xr3Beg72MLrp1AWNUmuYJTL7Cow=="
  "resolved" "https://registry.npmjs.org/@emotion/hash/-/hash-0.8.0.tgz"
  "version" "0.8.0"

"@emotion/memoize@0.7.4":
  "integrity" "sha512-Ja/Vfqe3HpuzRsG1oBtWTHk2PGZ7GR+2Vz5iYGelAw8dx32K0y7PjVuxK6z1nMpZOqAFsRUPCkK1YjJ56qJlgw=="
  "resolved" "https://registry.npmjs.org/@emotion/memoize/-/memoize-0.7.4.tgz"
  "version" "0.7.4"

"@emotion/serialize@^0.11.15":
  "integrity" "sha512-G3J4o8by0VRrO+PFeSc3js2myYNOXVJ3Ya+RGVxnshRYgsvErfAOglKAiy1Eo1vhzxqtUvjCyS5gtewzkmvSSg=="
  "resolved" "https://registry.npmjs.org/@emotion/serialize/-/serialize-0.11.16.tgz"
  "version" "0.11.16"
  dependencies:
    "@emotion/hash" "0.8.0"
    "@emotion/memoize" "0.7.4"
    "@emotion/unitless" "0.7.5"
    "@emotion/utils" "0.11.3"
    "csstype" "^2.5.7"

"@emotion/sheet@0.9.4":
  "integrity" "sha512-zM9PFmgVSqBw4zL101Q0HrBVTGmpAxFZH/pYx/cjJT5advXguvcgjHFTCaIO3enL/xr89vK2bh0Mfyj9aa0ANA=="
  "resolved" "https://registry.npmjs.org/@emotion/sheet/-/sheet-0.9.4.tgz"
  "version" "0.9.4"

"@emotion/stylis@0.8.5":
  "integrity" "sha512-h6KtPihKFn3T9fuIrwvXXUOwlx3rfUvfZIcP5a6rh8Y7zjE3O06hT5Ss4S/YI1AYhuZ1kjaE/5EaOOI2NqSylQ=="
  "resolved" "https://registry.npmjs.org/@emotion/stylis/-/stylis-0.8.5.tgz"
  "version" "0.8.5"

"@emotion/unitless@0.7.5":
  "integrity" "sha512-OWORNpfjMsSSUBVrRBVGECkhWcULOAJz9ZW8uK9qgxD+87M7jHRcvh/A96XXNhXTLmKcoYSQtBEX7lHMO7YRwg=="
  "resolved" "https://registry.npmjs.org/@emotion/unitless/-/unitless-0.7.5.tgz"
  "version" "0.7.5"

"@emotion/utils@0.11.3":
  "integrity" "sha512-0o4l6pZC+hI88+bzuaX/6BgOvQVhbt2PfmxauVaYOGgbsAw14wdKyvMCZXnsnsHys94iadcF+RG/wZyx6+ZZBw=="
  "resolved" "https://registry.npmjs.org/@emotion/utils/-/utils-0.11.3.tgz"
  "version" "0.11.3"

"@emotion/weak-memoize@0.2.5":
  "integrity" "sha512-6U71C2Wp7r5XtFtQzYrW5iKFT67OixrSxjI4MptCHzdSVlgabczzqLe0ZSgnub/5Kp4hSbpDB1tMytZY9pwxxA=="
  "resolved" "https://registry.npmjs.org/@emotion/weak-memoize/-/weak-memoize-0.2.5.tgz"
  "version" "0.2.5"

"@jest/types@^26.6.2":
  "integrity" "sha512-fC6QCp7Sc5sX6g8Tvbmj4XUTbyrik0akgRy03yjXbQaBWWNWGE7SGtJk98m0N8nzegD/7SggrUlivxo5ax4KWQ=="
  "resolved" "https://registry.yarnpkg.com/@jest/types/-/types-26.6.2.tgz"
  "version" "26.6.2"
  dependencies:
    "@types/istanbul-lib-coverage" "^2.0.0"
    "@types/istanbul-reports" "^3.0.0"
    "@types/node" "*"
    "@types/yargs" "^15.0.0"
    "chalk" "^4.0.0"

"@testing-library/dom@^7.28.1", "@testing-library/dom@>=7.21.4":
  "integrity" "sha512-CtrJRiSYEfbtNGtEsd78mk1n1v2TUbeABlNIcOCJdDfkN5/JTOwQEbbQpoSRxGqzcWPgStMvJ4mNolSuBRv1NA=="
  "resolved" "https://registry.yarnpkg.com/@testing-library/dom/-/dom-7.29.4.tgz"
  "version" "7.29.4"
  dependencies:
    "@babel/code-frame" "^7.10.4"
    "@babel/runtime" "^7.12.5"
    "@types/aria-query" "^4.2.0"
    "aria-query" "^4.2.2"
    "chalk" "^4.1.0"
    "dom-accessibility-api" "^0.5.4"
    "lz-string" "^1.4.4"
    "pretty-format" "^26.6.2"

"@testing-library/jest-dom@^5.11.4":
  "integrity" "sha512-Mn2gnA9d1wStlAIT2NU8J15LNob0YFBVjs2aEQ3j8rsfRQo+lAs7/ui1i2TGaJjapLmuNPLTsrm+nPjmZDwpcQ=="
  "resolved" "https://registry.yarnpkg.com/@testing-library/jest-dom/-/jest-dom-5.11.9.tgz"
  "version" "5.11.9"
  dependencies:
    "@babel/runtime" "^7.9.2"
    "@types/testing-library__jest-dom" "^5.9.1"
    "aria-query" "^4.2.2"
    "chalk" "^3.0.0"
    "css" "^3.0.0"
    "css.escape" "^1.5.1"
    "lodash" "^4.17.15"
    "redent" "^3.0.0"

"@testing-library/react@^11.1.0":
  "integrity" "sha512-yEx7oIa/UWLe2F2dqK0FtMF9sJWNXD+2PPtp39BvE0Kh9MJ9Kl0HrZAgEuhUJR+Lx8Di6Xz+rKwSdEPY2UV8ZQ=="
  "resolved" "https://registry.yarnpkg.com/@testing-library/react/-/react-11.2.5.tgz"
  "version" "11.2.5"
  dependencies:
    "@babel/runtime" "^7.12.5"
    "@testing-library/dom" "^7.28.1"

"@testing-library/user-event@^12.1.10":
  "integrity" "sha512-COfCkYgcxc+P9+pEAIGlmBuIDjO91Chf9GOBHI8AhIiMyaoOrKVPQny1uf0HIAYNoHKL5slhkqOPP2ZyNaVQGw=="
  "resolved" "https://registry.yarnpkg.com/@testing-library/user-event/-/user-event-12.7.1.tgz"
  "version" "12.7.1"
  dependencies:
    "@babel/runtime" "^7.12.5"

"@types/aria-query@^4.2.0":
  "integrity" "sha512-S6oPal772qJZHoRZLFc/XoZW2gFvwXusYUmXPXkgxJLuEk2vOt7jc4Yo6z/vtI0EBkbPBVrJJ0B+prLIKiWqHg=="
  "resolved" "https://registry.yarnpkg.com/@types/aria-query/-/aria-query-4.2.1.tgz"
  "version" "4.2.1"

"@types/component-emitter@^1.2.10":
  "integrity" "sha512-bsjleuRKWmGqajMerkzox19aGbscQX5rmmvvXl3wlIp5gMG1HgkiwPxsN5p070fBDKTNSPgojVbuY1+HWMbFhg=="
  "resolved" "https://registry.npmjs.org/@types/component-emitter/-/component-emitter-1.2.10.tgz"
  "version" "1.2.10"

"@types/istanbul-lib-coverage@*", "@types/istanbul-lib-coverage@^2.0.0":
  "integrity" "sha512-sz7iLqvVUg1gIedBOvlkxPlc8/uVzyS5OwGz1cKjXzkl3FpL3al0crU8YGU1WoHkxn0Wxbw5tyi6hvzJKNzFsw=="
  "resolved" "https://registry.yarnpkg.com/@types/istanbul-lib-coverage/-/istanbul-lib-coverage-2.0.3.tgz"
  "version" "2.0.3"

"@types/istanbul-lib-report@*":
  "integrity" "sha512-plGgXAPfVKFoYfa9NpYDAkseG+g6Jr294RqeqcqDixSbU34MZVJRi/P+7Y8GDpzkEwLaGZZOpKIEmeVZNtKsrg=="
  "resolved" "https://registry.yarnpkg.com/@types/istanbul-lib-report/-/istanbul-lib-report-3.0.0.tgz"
  "version" "3.0.0"
  dependencies:
    "@types/istanbul-lib-coverage" "*"

"@types/istanbul-reports@^3.0.0":
  "integrity" "sha512-nwKNbvnwJ2/mndE9ItP/zc2TCzw6uuodnF4EHYWD+gCQDVBuRQL5UzbZD0/ezy1iKsFU2ZQiDqg4M9dN4+wZgA=="
  "resolved" "https://registry.yarnpkg.com/@types/istanbul-reports/-/istanbul-reports-3.0.0.tgz"
  "version" "3.0.0"
  dependencies:
    "@types/istanbul-lib-report" "*"

"@types/jest@*":
  "integrity" "sha512-9zi2Y+5USJRxd0FsahERhBwlcvFh6D2GLQnY2FH2BzK8J9s9omvNHIbvABwIluXa0fD8XVKMLTO0aOEuUfACAA=="
  "resolved" "https://registry.yarnpkg.com/@types/jest/-/jest-26.0.20.tgz"
  "version" "26.0.20"
  dependencies:
    "jest-diff" "^26.0.0"
    "pretty-format" "^26.0.0"

"@types/node@*":
  "integrity" "sha512-g+f/qj/cNcqKkc3tFqlXOYjrmZA+jNBiDzbP3kH+B+otKFqAdPgVTGP1IeKRdMml/aE69as5S4FqtxAbl+LaMw=="
  "resolved" "https://registry.yarnpkg.com/@types/node/-/node-14.14.22.tgz"
  "version" "14.14.22"

"@types/testing-library__jest-dom@^5.9.1":
  "integrity" "sha512-ggn3ws+yRbOHog9GxnXiEZ/35Mow6YtPZpd7Z5mKDeZS/o7zx3yAle0ov/wjhVB5QT4N2Dt+GNoGCdqkBGCajQ=="
  "resolved" "https://registry.yarnpkg.com/@types/testing-library__jest-dom/-/testing-library__jest-dom-5.9.5.tgz"
  "version" "5.9.5"
  dependencies:
    "@types/jest" "*"

"@types/yargs-parser@*":
  "integrity" "sha512-37RSHht+gzzgYeobbG+KWryeAW8J33Nhr69cjTqSYymXVZEN9NbRYWoYlRtDhHKPVT1FyNKwaTPC1NynKZpzRA=="
  "resolved" "https://registry.yarnpkg.com/@types/yargs-parser/-/yargs-parser-20.2.0.tgz"
  "version" "20.2.0"

"@types/yargs@^15.0.0":
  "integrity" "sha512-kQ5JNTrbDv3Rp5X2n/iUu37IJBDU2gsZ5R/g1/KHOOEc5IKfUFjXT6DENPGduh08I/pamwtEq4oul7gUqKTQDQ=="
  "resolved" "https://registry.yarnpkg.com/@types/yargs/-/yargs-15.0.13.tgz"
  "version" "15.0.13"
  dependencies:
    "@types/yargs-parser" "*"

"ansi-regex@^5.0.0":
  "integrity" "sha512-bY6fj56OUQ0hU1KjFNDQuJFezqKdrAyFdIevADiqrWHwSlbmBNMHp5ak2f40Pm8JTFyM2mqxkG6ngkHO11f/lg=="
  "resolved" "https://registry.yarnpkg.com/ansi-regex/-/ansi-regex-5.0.0.tgz"
  "version" "5.0.0"

"ansi-styles@^3.2.1":
  "integrity" "sha512-VT0ZI6kZRdTh8YyJw3SMbYm/u+NqfsAxEpWO0Pf9sq8/e94WxxOpPKx9FR1FlyCtOVDNOQ+8ntlqFxiRc+r5qA=="
  "resolved" "https://registry.yarnpkg.com/ansi-styles/-/ansi-styles-3.2.1.tgz"
  "version" "3.2.1"
  dependencies:
    "color-convert" "^1.9.0"

"ansi-styles@^4.0.0", "ansi-styles@^4.1.0":
  "integrity" "sha512-zbB9rCJAT1rbjiVDb2hqKFHNYLxgtk8NURxZ3IZwD3F6NtxbXZQCnnSi1Lkx+IDohdPlFp222wVALIheZJQSEg=="
  "resolved" "https://registry.yarnpkg.com/ansi-styles/-/ansi-styles-4.3.0.tgz"
  "version" "4.3.0"
  dependencies:
    "color-convert" "^2.0.1"

"aria-query@^4.2.2":
  "integrity" "sha512-o/HelwhuKpTj/frsOsbNLNgnNGVIFsVP/SW2BSF14gVl7kAfMOJ6/8wUAUvG1R1NHKrfG+2sHZTu0yauT1qBrA=="
  "resolved" "https://registry.yarnpkg.com/aria-query/-/aria-query-4.2.2.tgz"
  "version" "4.2.2"
  dependencies:
    "@babel/runtime" "^7.10.2"
    "@babel/runtime-corejs3" "^7.10.2"

"atob@^2.1.2":
  "integrity" "sha512-Wm6ukoaOGJi/73p/cl2GvLjTI5JM1k/O14isD73YML8StrH/7/lRFgmg8nICZgD3bZZvjwCGxtMOD3wWNAu8cg=="
  "resolved" "https://registry.yarnpkg.com/atob/-/atob-2.1.2.tgz"
  "version" "2.1.2"

"backo2@~1.0.2":
  "integrity" "sha1-MasayLEpNjRj41s+u2n038+6eUc="
  "resolved" "https://registry.npmjs.org/backo2/-/backo2-1.0.2.tgz"
  "version" "1.0.2"

"base64-arraybuffer@0.1.4":
  "integrity" "sha1-mBjHngWbE1X5fgQooBfIOOkLqBI="
  "resolved" "https://registry.npmjs.org/base64-arraybuffer/-/base64-arraybuffer-0.1.4.tgz"
  "version" "0.1.4"

"bowser@^1.0.0", "bowser@^1.7.3":
  "integrity" "sha512-9IdMmj2KjigRq6oWhmwv1W36pDuA4STQZ8q6YO9um+x07xgYNCD3Oou+WP/3L1HNz7iqythGet3/p4wvc8AAwQ=="
  "resolved" "https://registry.npmjs.org/bowser/-/bowser-1.9.4.tgz"
  "version" "1.9.4"

"browserslist@^1.3.6":
  "integrity" "sha1-C9dnBCWL6CmyOYu1Dkti0aFmsLk="
  "resolved" "https://registry.npmjs.org/browserslist/-/browserslist-1.7.7.tgz"
  "version" "1.7.7"
  dependencies:
    "caniuse-db" "^1.0.30000639"
    "electron-to-chromium" "^1.2.7"

"caniuse-api@^1.6.1":
  "integrity" "sha1-tTTnxzTE+B7F++isoq0kNUuWLGw="
  "resolved" "https://registry.npmjs.org/caniuse-api/-/caniuse-api-1.6.1.tgz"
  "version" "1.6.1"
  dependencies:
    "browserslist" "^1.3.6"
    "caniuse-db" "^1.0.30000529"
    "lodash.memoize" "^4.1.2"
    "lodash.uniq" "^4.5.0"

"caniuse-db@^1.0.30000529", "caniuse-db@^1.0.30000639":
  "integrity" "sha512-P+BN7x0wUbn8S/qSZ0UMQFJFckm8LOQEwdXCFTGPzdCve9828qEQ1KdzdOf8fLrrS3jJJZCbgT7fu8FrvbmAxA=="
  "resolved" "https://registry.npmjs.org/caniuse-db/-/caniuse-db-1.0.30001187.tgz"
  "version" "1.0.30001187"

"chalk@^2.0.0":
  "integrity" "sha512-Mti+f9lpJNcwF4tWV8/OrTTtF1gZi+f8FqlyAdouralcFWFQWF2+NgCHShjkCb+IFBLq9buZwE1xckQU4peSuQ=="
  "resolved" "https://registry.yarnpkg.com/chalk/-/chalk-2.4.2.tgz"
  "version" "2.4.2"
  dependencies:
    "ansi-styles" "^3.2.1"
    "escape-string-regexp" "^1.0.5"
    "supports-color" "^5.3.0"

"chalk@^3.0.0":
  "integrity" "sha512-4D3B6Wf41KOYRFdszmDqMCGq5VV/uMAB273JILmO+3jAlh8X4qDtdtgCR3fxtbLEMzSx22QdhnDcJvu2u1fVwg=="
  "resolved" "https://registry.yarnpkg.com/chalk/-/chalk-3.0.0.tgz"
  "version" "3.0.0"
  dependencies:
    "ansi-styles" "^4.1.0"
    "supports-color" "^7.1.0"

"chalk@^4.0.0", "chalk@^4.1.0":
  "integrity" "sha512-qwx12AxXe2Q5xQ43Ac//I6v5aXTipYrSESdOgzrN+9XjgEpyjpKuvSGaN4qE93f7TQTlerQQ8S+EQ0EyDoVL1A=="
  "resolved" "https://registry.yarnpkg.com/chalk/-/chalk-4.1.0.tgz"
  "version" "4.1.0"
  dependencies:
    "ansi-styles" "^4.1.0"
    "supports-color" "^7.1.0"

"classnames@2.2.6":
  "integrity" "sha512-JR/iSQOSt+LQIWwrwEzJ9uk0xfN3mTVYMwt1Ir5mUcSN6pU+V4zQFFaJsclJbPuAUQH+yfWef6tm7l1quW3C8Q=="
  "resolved" "https://registry.npmjs.org/classnames/-/classnames-2.2.6.tgz"
  "version" "2.2.6"

"color-convert@^1.9.0":
  "integrity" "sha512-QfAUtd+vFdAtFQcC8CCyYt1fYWxSqAiK2cSD6zDB8N3cpsEBAvRxp9zOGg6G/SHHJYAT88/az/IuDGALsNVbGg=="
  "resolved" "https://registry.yarnpkg.com/color-convert/-/color-convert-1.9.3.tgz"
  "version" "1.9.3"
  dependencies:
    "color-name" "1.1.3"

"color-convert@^2.0.1":
  "integrity" "sha512-RRECPsj7iu/xb5oKYcsFHSppFNnsj/52OVTRKb4zP5onXwVF3zVmmToNcOfGC+CRDpfK/U584fMg38ZHCaElKQ=="
  "resolved" "https://registry.yarnpkg.com/color-convert/-/color-convert-2.0.1.tgz"
  "version" "2.0.1"
  dependencies:
    "color-name" "~1.1.4"

"color-name@~1.1.4":
  "integrity" "sha512-dOy+3AuW3a2wNbZHIuMZpTcgjGuLU/uBL/ubcZF9OXbDo8ff4O8yVp5Bf0efS8uEoYo5q4Fx7dY9OgQGXgAsQA=="
  "resolved" "https://registry.yarnpkg.com/color-name/-/color-name-1.1.4.tgz"
  "version" "1.1.4"

"color-name@1.1.3":
  "integrity" "sha1-p9BVi9icQveV3UIyj3QIMcpTvCU="
  "resolved" "https://registry.yarnpkg.com/color-name/-/color-name-1.1.3.tgz"
  "version" "1.1.3"

"component-emitter@~1.3.0":
  "integrity" "sha512-Rd3se6QB+sO1TwqZjscQrurpEPIfO0/yYnSin6Q/rD3mOutHvUrCAhJub3r90uNb+SESBuE0QYoB90YdfatsRg=="
  "resolved" "https://registry.yarnpkg.com/component-emitter/-/component-emitter-1.3.0.tgz"
  "version" "1.3.0"

"core-js-pure@^3.0.0":
  "integrity" "sha512-V5qQZVAr9K0xu7jXg1M7qTEwuxUgqr7dUOezGaNa7i+Xn9oXAU/d1fzqD9ObuwpVQOaorO5s70ckyi1woP9lVA=="
  "resolved" "https://registry.yarnpkg.com/core-js-pure/-/core-js-pure-3.8.3.tgz"
  "version" "3.8.3"

"create-emotion@10.0.27":
  "integrity" "sha512-fIK73w82HPPn/RsAij7+Zt8eCE8SptcJ3WoRMfxMtjteYxud8GDTKKld7MYwAX2TVhrw29uR1N/bVGxeStHILg=="
  "resolved" "https://registry.npmjs.org/create-emotion/-/create-emotion-10.0.27.tgz"
  "version" "10.0.27"
  dependencies:
    "@emotion/cache" "^10.0.27"
    "@emotion/serialize" "^0.11.15"
    "@emotion/sheet" "0.9.4"
    "@emotion/utils" "0.11.3"

"css-in-js-utils@^2.0.0":
  "integrity" "sha512-PJF0SpJT+WdbVVt0AOYp9C8GnuruRlL/UFW7932nLWmFLQTaWEzTBQEx7/hn4BuV+WON75iAViSUJLiU3PKbpA=="
  "resolved" "https://registry.npmjs.org/css-in-js-utils/-/css-in-js-utils-2.0.1.tgz"
  "version" "2.0.1"
  dependencies:
    "hyphenate-style-name" "^1.0.2"
    "isobject" "^3.0.1"

"css-keyframer@1.0.1":
  "integrity" "sha1-RBAX8+LWjJKnpQuLZ2a8ucjvCQ8="
  "resolved" "https://registry.npmjs.org/css-keyframer/-/css-keyframer-1.0.1.tgz"
  "version" "1.0.1"
  dependencies:
    "exenv" "^1.2.1"
    "hyphenate-style-name" "^1.0.2"
    "inline-style-prefixer" "^2.0.5"
    "is-plain-object" "^2.0.1"

"css.escape@^1.5.1":
  "integrity" "sha1-QuJ9T6BK4y+TGktNQZH6nN3ul8s="
  "resolved" "https://registry.yarnpkg.com/css.escape/-/css.escape-1.5.1.tgz"
  "version" "1.5.1"

"css@^3.0.0":
  "integrity" "sha512-DG9pFfwOrzc+hawpmqX/dHYHJG+Bsdb0klhyi1sDneOgGOXy9wQIC8hzyVp1e4NRYDBdxcylvywPkkXCHAzTyQ=="
  "resolved" "https://registry.yarnpkg.com/css/-/css-3.0.0.tgz"
  "version" "3.0.0"
  dependencies:
    "inherits" "^2.0.4"
    "source-map" "^0.6.1"
    "source-map-resolve" "^0.6.0"

"csstype@^2.5.7":
  "integrity" "sha512-FNeiVKudquehtR3t9TRRnsHL+lJhuHF5Zn9dt01jpojlurLEPDhhEtUkWmAUJ7/fOLaLG4dCDEnUsR0N1rZSsg=="
  "resolved" "https://registry.npmjs.org/csstype/-/csstype-2.6.15.tgz"
  "version" "2.6.15"

"debug@~4.3.1":
  "integrity" "sha512-doEwdvm4PCeK4K3RQN2ZC2BYUBaxwLARCqZmMjtF8a51J2Rb0xpVloFRnCODwqjpwnAoao4pelN8l3RJdv3gRQ=="
  "resolved" "https://registry.yarnpkg.com/debug/-/debug-4.3.1.tgz"
  "version" "4.3.1"
  dependencies:
    "ms" "2.1.2"

"decode-uri-component@^0.2.0":
  "integrity" "sha1-6zkTMzRYd1y4TNGh+uBiEGu4dUU="
  "resolved" "https://registry.yarnpkg.com/decode-uri-component/-/decode-uri-component-0.2.0.tgz"
  "version" "0.2.0"

"diff-sequences@^26.6.2":
  "integrity" "sha512-Mv/TDa3nZ9sbc5soK+OoA74BsS3mL37yixCvUAQkiuA4Wz6YtwP/K47n2rv2ovzHZvoiQeA5FTQOschKkEwB0Q=="
  "resolved" "https://registry.yarnpkg.com/diff-sequences/-/diff-sequences-26.6.2.tgz"
  "version" "26.6.2"

"dom-accessibility-api@^0.5.4":
  "integrity" "sha512-TvrjBckDy2c6v6RLxPv5QXOnU+SmF9nBII5621Ve5fu6Z/BDrENurBEvlC1f44lKEUVqOpK4w9E5Idc5/EgkLQ=="
  "resolved" "https://registry.yarnpkg.com/dom-accessibility-api/-/dom-accessibility-api-0.5.4.tgz"
  "version" "0.5.4"

"electron-to-chromium@^1.2.7":
  "integrity" "sha512-85J5D0Ksxjq2MIHfgwOURRej72UMlexbaa7t+oKTJan3Pa/RBE8vJ4/JzwaQjLCElPvd0XeLWi7+xYTVrq96aA=="
  "resolved" "https://registry.yarnpkg.com/electron-to-chromium/-/electron-to-chromium-1.3.652.tgz"
  "version" "1.3.652"

"emoji-annotation-to-unicode@^0.3.0":
  "integrity" "sha1-t20Ygj4dcKlaAXxDjBaO2hKQLzs="
  "resolved" "https://registry.npmjs.org/emoji-annotation-to-unicode/-/emoji-annotation-to-unicode-0.3.0.tgz"
  "version" "0.3.0"

"emoji-emoticon-to-unicode@^0.2.2":
  "integrity" "sha1-WuYNU4Utgyi2PzHRyimJfrt4MmA="
  "resolved" "https://registry.npmjs.org/emoji-emoticon-to-unicode/-/emoji-emoticon-to-unicode-0.2.2.tgz"
  "version" "0.2.2"

"engine.io-client@~4.1.0":
  "integrity" "sha512-iYasV/EttP/2pLrdowe9G3zwlNIFhwny8VSIh+vPlMnYZqSzLsTzSLa9hFy015OrH1s4fzoYxeHjVkO8hSFKwg=="
  "resolved" "https://registry.npmjs.org/engine.io-client/-/engine.io-client-4.1.1.tgz"
  "version" "4.1.1"
  dependencies:
    "base64-arraybuffer" "0.1.4"
    "component-emitter" "~1.3.0"
    "debug" "~4.3.1"
    "engine.io-parser" "~4.0.1"
    "has-cors" "1.1.0"
    "parseqs" "0.0.6"
    "parseuri" "0.0.6"
    "ws" "~7.4.2"
    "xmlhttprequest-ssl" "~1.5.4"
    "yeast" "0.1.2"

"engine.io-parser@~4.0.1":
  "integrity" "sha512-sHfEQv6nmtJrq6TKuIz5kyEKH/qSdK56H/A+7DnAuUPWosnIZAS2NHNcPLmyjtY3cGS/MqJdZbUjW97JU72iYg=="
  "resolved" "https://registry.npmjs.org/engine.io-parser/-/engine.io-parser-4.0.2.tgz"
  "version" "4.0.2"
  dependencies:
    "base64-arraybuffer" "0.1.4"

"escape-string-regexp@^1.0.3":
  "integrity" "sha1-G2HAViGQqN/2rjuyzwIAyhMLhtQ="
  "resolved" "https://registry.npmjs.org/escape-string-regexp/-/escape-string-regexp-1.0.5.tgz"
  "version" "1.0.5"

"escape-string-regexp@^1.0.5":
  "integrity" "sha1-G2HAViGQqN/2rjuyzwIAyhMLhtQ="
  "resolved" "https://registry.yarnpkg.com/escape-string-regexp/-/escape-string-regexp-1.0.5.tgz"
  "version" "1.0.5"

"exenv@^1.2.1":
  "integrity" "sha1-KueOhdmJQVhnCwPUe+wfA72Ru50="
  "resolved" "https://registry.npmjs.org/exenv/-/exenv-1.2.2.tgz"
  "version" "1.2.2"

"has-cors@1.1.0":
  "integrity" "sha1-XkdHk/fqmEPRu5nCPu9J/xJv/zk="
  "resolved" "https://registry.npmjs.org/has-cors/-/has-cors-1.1.0.tgz"
  "version" "1.1.0"

"has-flag@^3.0.0":
  "integrity" "sha1-tdRU3CGZriJWmfNGfloH87lVuv0="
  "resolved" "https://registry.yarnpkg.com/has-flag/-/has-flag-3.0.0.tgz"
  "version" "3.0.0"

"has-flag@^4.0.0":
  "integrity" "sha512-EykJT/Q1KjTWctppgIAgfSO0tKVuZUjhgMr17kqTumMl6Afv3EISleU7qZUzoXDFTAHTDC4NOoG/ZxU3EvlMPQ=="
  "resolved" "https://registry.yarnpkg.com/has-flag/-/has-flag-4.0.0.tgz"
  "version" "4.0.0"

"history@^4.9.0":
  "integrity" "sha512-36nwAD620w12kuzPAsyINPWJqlNbij+hpK1k9XRloDtym8mxzGYl2c17LnV6IAGB2Dmg4tEa7G7DlawS0+qjew=="
  "resolved" "https://registry.npmjs.org/history/-/history-4.10.1.tgz"
  "version" "4.10.1"
  dependencies:
    "@babel/runtime" "^7.1.2"
    "loose-envify" "^1.2.0"
    "resolve-pathname" "^3.0.0"
    "tiny-invariant" "^1.0.2"
    "tiny-warning" "^1.0.0"
    "value-equal" "^1.0.1"

"hoist-non-react-statics@^3.1.0":
  "integrity" "sha512-/gGivxi8JPKWNm/W0jSmzcMPpfpPLc3dY/6GxhX2hQ9iGj3aDfklV4ET7NjKpSinLpJ5vafa9iiGIEZg10SfBw=="
  "resolved" "https://registry.npmjs.org/hoist-non-react-statics/-/hoist-non-react-statics-3.3.2.tgz"
  "version" "3.3.2"
  dependencies:
    "react-is" "^16.7.0"

"hyphenate-style-name@^1.0.1", "hyphenate-style-name@^1.0.2":
  "integrity" "sha512-ygGZLjmXfPHj+ZWh6LwbC37l43MhfztxetbFCoYTM2VjkIUpeHgSNn7QIyVFj7YQ1Wl9Cbw5sholVJPzWvC2MQ=="
  "resolved" "https://registry.npmjs.org/hyphenate-style-name/-/hyphenate-style-name-1.0.4.tgz"
  "version" "1.0.4"

"indent-string@^4.0.0":
  "integrity" "sha512-EdDDZu4A2OyIK7Lr/2zG+w5jmbuk1DVBnEwREQvBzspBJkCEbRa8GxU1lghYcaGJCnRWibjDXlq779X1/y5xwg=="
  "resolved" "https://registry.yarnpkg.com/indent-string/-/indent-string-4.0.0.tgz"
  "version" "4.0.0"

"inherits@^2.0.4":
  "integrity" "sha512-k/vGaX4/Yla3WzyMCvTQOXYeIHvqOKtnqBduzTHpzpQZzAskKMhZ2K+EnBiSM9zGSoIFeMpXKxa4dYeZIQqewQ=="
  "resolved" "https://registry.yarnpkg.com/inherits/-/inherits-2.0.4.tgz"
  "version" "2.0.4"

"inline-style-prefixer@^2.0.5":
  "integrity" "sha1-wVPH6I/YT+9cYC6VqBaLJ3BnH+c="
  "resolved" "https://registry.npmjs.org/inline-style-prefixer/-/inline-style-prefixer-2.0.5.tgz"
  "version" "2.0.5"
  dependencies:
    "bowser" "^1.0.0"
    "hyphenate-style-name" "^1.0.1"

"inline-style-prefixer@^3.0.3":
  "integrity" "sha1-hVG45bTVcyROZqNLBPfTIHaitTQ="
  "resolved" "https://registry.npmjs.org/inline-style-prefixer/-/inline-style-prefixer-3.0.8.tgz"
  "version" "3.0.8"
  dependencies:
    "bowser" "^1.7.3"
    "css-in-js-utils" "^2.0.0"

"is-plain-object@^2.0.1":
  "integrity" "sha512-h5PpgXkWitc38BBMYawTYMWJHFZJVnBquFE57xFpjB8pJFiF6gZ+bU+WyI/yqXiFR5mdLsgYNaPe8uao6Uv9Og=="
  "resolved" "https://registry.yarnpkg.com/is-plain-object/-/is-plain-object-2.0.4.tgz"
  "version" "2.0.4"
  dependencies:
    "isobject" "^3.0.1"

"isarray@0.0.1":
  "integrity" "sha1-ihis/Kmo9Bd+Cav8YDiTmwXR7t8="
  "resolved" "https://registry.npmjs.org/isarray/-/isarray-0.0.1.tgz"
  "version" "0.0.1"

"isobject@^3.0.1":
  "integrity" "sha1-TkMekrEalzFjaqH5yNHMvP2reN8="
  "resolved" "https://registry.yarnpkg.com/isobject/-/isobject-3.0.1.tgz"
  "version" "3.0.1"

"jest-diff@^26.0.0":
  "integrity" "sha512-6m+9Z3Gv9wN0WFVasqjCL/06+EFCMTqDEUl/b87HYK2rAPTyfz4ZIuSlPhY51PIQRWx5TaxeF1qmXKe9gfN3sA=="
  "resolved" "https://registry.yarnpkg.com/jest-diff/-/jest-diff-26.6.2.tgz"
  "version" "26.6.2"
  dependencies:
    "chalk" "^4.0.0"
    "diff-sequences" "^26.6.2"
    "jest-get-type" "^26.3.0"
    "pretty-format" "^26.6.2"

"jest-get-type@^26.3.0":
  "integrity" "sha512-TpfaviN1R2pQWkIihlfEanwOXK0zcxrKEE4MlU6Tn7keoXdN6/3gK/xl0yEh8DOunn5pOVGKf8hB4R9gVh04ig=="
  "resolved" "https://registry.yarnpkg.com/jest-get-type/-/jest-get-type-26.3.0.tgz"
  "version" "26.3.0"

"js-tokens@^3.0.0 || ^4.0.0", "js-tokens@^4.0.0":
  "integrity" "sha512-RdJUflcE3cUzKiMqQgsCu06FPu9UdIJO0beYbPhHN4k6apgJtifcoCtT9bcxOpYBtpD2kCM6Sbzg4CausW/PKQ=="
  "resolved" "https://registry.yarnpkg.com/js-tokens/-/js-tokens-4.0.0.tgz"
  "version" "4.0.0"

"lodash.compact@^3.0.0":
  "integrity" "sha1-VAzjg3dFl1gHRx4WtKK6IeclbKU="
  "resolved" "https://registry.npmjs.org/lodash.compact/-/lodash.compact-3.0.1.tgz"
  "version" "3.0.1"

"lodash.memoize@^4.1.2":
  "integrity" "sha1-vMbEmkKihA7Zl/Mj6tpezRguC/4="
  "resolved" "https://registry.yarnpkg.com/lodash.memoize/-/lodash.memoize-4.1.2.tgz"
  "version" "4.1.2"

"lodash.uniq@^4.5.0":
  "integrity" "sha1-0CJTc662Uq3BvILklFM5qEJ1R3M="
  "resolved" "https://registry.yarnpkg.com/lodash.uniq/-/lodash.uniq-4.5.0.tgz"
  "version" "4.5.0"

"lodash@^4.17.15":
  "integrity" "sha512-PlhdFcillOINfeV7Ni6oF1TAEayyZBoZ8bcshTHqOYJYlrqzRK5hagpagky5o4HfCzzd1TRkXPMFq6cKk9rGmA=="
  "resolved" "https://registry.yarnpkg.com/lodash/-/lodash-4.17.20.tgz"
  "version" "4.17.20"

"loose-envify@^1.1.0", "loose-envify@^1.2.0", "loose-envify@^1.3.1", "loose-envify@^1.4.0":
  "integrity" "sha512-lyuxPGr/Wfhrlem2CL/UcnUc1zcqKAImBDzukY7Y5F/yQiNdko6+fRLevlw1HgMySw7f611UIY408EtxRSoK3Q=="
  "resolved" "https://registry.yarnpkg.com/loose-envify/-/loose-envify-1.4.0.tgz"
  "version" "1.4.0"
  dependencies:
    "js-tokens" "^3.0.0 || ^4.0.0"

"lz-string@^1.4.4":
  "integrity" "sha1-wNjq82BZ9wV5bh40SBHPTEmNOiY="
  "resolved" "https://registry.yarnpkg.com/lz-string/-/lz-string-1.4.4.tgz"
  "version" "1.4.4"

"math-random@2.0.1":
  "integrity" "sha512-oIEbWiVDxDpl5tIF4S6zYS9JExhh3bun3uLb3YAinHPTlRtW4g1S66LtJrJ4Npq8dgIa8CLK5iPVah5n4n0s2w=="
  "resolved" "https://registry.npmjs.org/math-random/-/math-random-2.0.1.tgz"
  "version" "2.0.1"

"min-indent@^1.0.0":
  "integrity" "sha512-I9jwMn07Sy/IwOj3zVkVik2JTvgpaykDZEigL6Rx6N9LbMywwUSMtxET+7lVoDLLd3O3IXwJwvuuns8UB/HeAg=="
  "resolved" "https://registry.yarnpkg.com/min-indent/-/min-indent-1.0.1.tgz"
  "version" "1.0.1"

"mini-create-react-context@^0.4.0":
  "integrity" "sha512-YWCYEmd5CQeHGSAKrYvXgmzzkrvssZcuuQDDeqkT+PziKGMgE+0MCCtcKbROzocGBG1meBLl2FotlRwf4gAzbQ=="
  "resolved" "https://registry.npmjs.org/mini-create-react-context/-/mini-create-react-context-0.4.1.tgz"
  "version" "0.4.1"
  dependencies:
    "@babel/runtime" "^7.12.1"
    "tiny-warning" "^1.0.3"

"ms@2.1.2":
  "integrity" "sha512-sGkPx+VjMtmA6MX27oA4FBFELFCZZ4S4XqeGOXCv68tT+jb3vk/RyaKWP0PTKyWtmLSM0b+adUTEvbs1PEaH2w=="
  "resolved" "https://registry.yarnpkg.com/ms/-/ms-2.1.2.tgz"
  "version" "2.1.2"

"object-assign@^2.0.0":
  "integrity" "sha1-Q8NuXVaf+OSBbE76i+AtJpZ8GKo="
  "resolved" "https://registry.npmjs.org/object-assign/-/object-assign-2.1.1.tgz"
  "version" "2.1.1"

"object-assign@^4.1.0", "object-assign@^4.1.1":
  "integrity" "sha1-IQmtx5ZYh8/AXLvUQsrIv7s2CGM="
  "resolved" "https://registry.yarnpkg.com/object-assign/-/object-assign-4.1.1.tgz"
  "version" "4.1.1"

"parseqs@0.0.6":
  "integrity" "sha512-jeAGzMDbfSHHA091hr0r31eYfTig+29g3GKKE/PPbEQ65X0lmMwlEoqmhzu0iztID5uJpZsFlUPDP8ThPL7M8w=="
  "resolved" "https://registry.npmjs.org/parseqs/-/parseqs-0.0.6.tgz"
  "version" "0.0.6"

"parseuri@0.0.6":
  "integrity" "sha512-AUjen8sAkGgao7UyCX6Ahv0gIK2fABKmYjvP4xmy5JaKvcbTRueIqIPHLAfq30xJddqSE033IOMUSOMCcK3Sow=="
  "resolved" "https://registry.npmjs.org/parseuri/-/parseuri-0.0.6.tgz"
  "version" "0.0.6"

"path-to-regexp@^1.7.0":
  "integrity" "sha512-n43JRhlUKUAlibEJhPeir1ncUID16QnEjNpwzNdO3Lm4ywrBpBZ5oLD0I6br9evr1Y9JTqwRtAh7JLoOzAQdVA=="
  "resolved" "https://registry.npmjs.org/path-to-regexp/-/path-to-regexp-1.8.0.tgz"
  "version" "1.8.0"
  dependencies:
    "isarray" "0.0.1"

"pretty-format@^26.0.0", "pretty-format@^26.6.2":
  "integrity" "sha512-7AeGuCYNGmycyQbCqd/3PWH4eOoX/OiCa0uphp57NVTeAGdJGaAliecxwBDHYQCIvrW7aDBZCYeNTP/WX69mkg=="
  "resolved" "https://registry.yarnpkg.com/pretty-format/-/pretty-format-26.6.2.tgz"
  "version" "26.6.2"
  dependencies:
    "@jest/types" "^26.6.2"
    "ansi-regex" "^5.0.0"
    "ansi-styles" "^4.0.0"
    "react-is" "^17.0.1"

"prop-types@^15.0.0", "prop-types@^15.5.8", "prop-types@^15.6.2", "prop-types@15.7.2":
  "integrity" "sha512-8QQikdH7//R2vurIJSutZ1smHYTcLpRWEOlHnzcWHmBYrOGUysKwSsrC89BCiFj3CbrfJ/nXFdJepOVrY1GCHQ=="
  "resolved" "https://registry.yarnpkg.com/prop-types/-/prop-types-15.7.2.tgz"
  "version" "15.7.2"
  dependencies:
    "loose-envify" "^1.4.0"
    "object-assign" "^4.1.1"
    "react-is" "^16.8.1"

"query-string@^4.3.4":
  "integrity" "sha1-u7aTucqRXCMlFbIosaArYJBD2+s="
  "resolved" "https://registry.yarnpkg.com/query-string/-/query-string-4.3.4.tgz"
  "version" "4.3.4"
  dependencies:
    "object-assign" "^4.1.0"
    "strict-uri-encode" "^1.0.0"

"react-chatbox-component@^0.0.5":
  "integrity" "sha512-V/+uaLJv4VXfYdkCvi1XcdKdkPINJPZrytZRfDoqbG067bmhU0770hY173ngZPFQ7cxF0CBQnglH4tmigEvzRw=="
  "resolved" "https://registry.npmjs.org/react-chatbox-component/-/react-chatbox-component-0.0.5.tgz"
  "version" "0.0.5"
  dependencies:
    "react-md-spinner" "^0.4.0"

"react-dom@*", "react-dom@^16.3.2", "react-dom@^17.0.1", "react-dom@>=15.3.0":
  "integrity" "sha512-6eV150oJZ9U2t9svnsspTMrWNyHc6chX0KzDeAOXftRa8bNeOKTTfCJ7KorIwenkHd2xqVTBTCZd79yk/lx/Ug=="
  "resolved" "https://registry.yarnpkg.com/react-dom/-/react-dom-17.0.1.tgz"
  "version" "17.0.1"
  dependencies:
    "loose-envify" "^1.1.0"
    "object-assign" "^4.1.1"
    "scheduler" "^0.20.1"

"react-emoji@^0.5.0":
  "integrity" "sha1-FLkcxrPOPDJG90Dn713i7AvuZks="
  "resolved" "https://registry.npmjs.org/react-emoji/-/react-emoji-0.5.0.tgz"
  "version" "0.5.0"
  dependencies:
    "emoji-annotation-to-unicode" "^0.3.0"
    "emoji-emoticon-to-unicode" "^0.2.2"
    "escape-string-regexp" "^1.0.3"
    "lodash.compact" "^3.0.0"
    "object-assign" "^2.0.0"

"react-is@^16.6.0", "react-is@^16.7.0", "react-is@^16.8.1":
  "integrity" "sha512-24e6ynE2H+OKt4kqsOvNd8kBpV65zoxbA4BVsEOB3ARVWQki/DHzaUoC5KuON/BiccDaCCTZBuOcfZs70kR8bQ=="
  "resolved" "https://registry.yarnpkg.com/react-is/-/react-is-16.13.1.tgz"
  "version" "16.13.1"

"react-is@^17.0.1":
  "integrity" "sha512-NAnt2iGDXohE5LI7uBnLnqvLQMtzhkiAOLXTmv+qnF9Ky7xAPcX8Up/xWIhxvLVGJvuLiNc4xQLtuqDRzb4fSA=="
  "resolved" "https://registry.yarnpkg.com/react-is/-/react-is-17.0.1.tgz"
  "version" "17.0.1"

"react-md-spinner@^0.4.0":
  "integrity" "sha512-5I+mZOhQuBcjdgb0ciLOSwyq+RTQGmYQm+HgXPbXXH4lG7lGctO4dzwi38V4uYRIy7POWwFJX0CpueFNqts1Qg=="
  "resolved" "https://registry.npmjs.org/react-md-spinner/-/react-md-spinner-0.4.0.tgz"
  "version" "0.4.0"
  dependencies:
    "caniuse-api" "^1.6.1"
    "css-keyframer" "1.0.1"
    "exenv" "^1.2.1"
    "inline-style-prefixer" "^3.0.3"
    "prop-types" "^15.5.8"

"react-router-dom@^5.2.0":
  "integrity" "sha512-gxAmfylo2QUjcwxI63RhQ5G85Qqt4voZpUXSEqCwykV0baaOTQDR1f0PmY8AELqIyVc0NEZUj0Gov5lNGcXgsA=="
  "resolved" "https://registry.npmjs.org/react-router-dom/-/react-router-dom-5.2.0.tgz"
  "version" "5.2.0"
  dependencies:
    "@babel/runtime" "^7.1.2"
    "history" "^4.9.0"
    "loose-envify" "^1.3.1"
    "prop-types" "^15.6.2"
    "react-router" "5.2.0"
    "tiny-invariant" "^1.0.2"
    "tiny-warning" "^1.0.0"

"react-router@^5.2.0", "react-router@5.2.0":
  "integrity" "sha512-smz1DUuFHRKdcJC0jobGo8cVbhO3x50tCL4icacOlcwDOEQPq4TMqwx3sY1TP+DvtTgz4nm3thuo7A+BK2U0Dw=="
  "resolved" "https://registry.npmjs.org/react-router/-/react-router-5.2.0.tgz"
  "version" "5.2.0"
  dependencies:
    "@babel/runtime" "^7.1.2"
    "history" "^4.9.0"
    "hoist-non-react-statics" "^3.1.0"
    "loose-envify" "^1.3.1"
    "mini-create-react-context" "^0.4.0"
    "path-to-regexp" "^1.7.0"
    "prop-types" "^15.6.2"
    "react-is" "^16.6.0"
    "tiny-invariant" "^1.0.2"
    "tiny-warning" "^1.0.0"

"react-scroll-to-bottom@^4.1.0":
  "integrity" "sha512-atWRfdhLFCG2dK4kAsCDCYvl327DDEi5BMO0kIU4D12u2o2UX+GmlKO8m7sPW86Vb3MlqL3+Gawv/79VQ90tXQ=="
  "resolved" "https://registry.npmjs.org/react-scroll-to-bottom/-/react-scroll-to-bottom-4.1.0.tgz"
  "version" "4.1.0"
  dependencies:
    "classnames" "2.2.6"
    "create-emotion" "10.0.27"
    "math-random" "2.0.1"
    "prop-types" "15.7.2"
    "simple-update-in" "2.2.0"

"react@*", "react@^0.14.0 || ^15.0.0 || ^16.0.0 || ^17.0.0", "react@^16.3.2", "react@^16.8.6", "react@^17.0.1", "react@>=15", "react@>=15.3.0", "react@17.0.1":
  "integrity" "sha512-lG9c9UuMHdcAexXtigOZLX8exLWkW0Ku29qPRU8uhF2R9BN96dLCt0psvzPLlHc5OWkgymP3qwTRgbnw5BKx3w=="
  "resolved" "https://registry.yarnpkg.com/react/-/react-17.0.1.tgz"
  "version" "17.0.1"
  dependencies:
    "loose-envify" "^1.1.0"
    "object-assign" "^4.1.1"

"redent@^3.0.0":
  "integrity" "sha512-6tDA8g98We0zd0GvVeMT9arEOnTw9qM03L9cJXaCjrip1OO764RDBLBfrB4cwzNGDj5OA5ioymC9GkizgWJDUg=="
  "resolved" "https://registry.yarnpkg.com/redent/-/redent-3.0.0.tgz"
  "version" "3.0.0"
  dependencies:
    "indent-string" "^4.0.0"
    "strip-indent" "^3.0.0"

"regenerator-runtime@^0.13.4":
  "integrity" "sha512-a54FxoJDIr27pgf7IgeQGxmqUNYrcV338lf/6gH456HZ/PhX+5BcwHXG9ajESmwe6WRO0tAzRUrRmNONWgkrew=="
  "resolved" "https://registry.yarnpkg.com/regenerator-runtime/-/regenerator-runtime-0.13.7.tgz"
  "version" "0.13.7"

"resolve-pathname@^3.0.0":
  "integrity" "sha512-C7rARubxI8bXFNB/hqcp/4iUeIXJhJZvFPFPiSPRnhU5UPxzMFIl+2E6yY6c4k9giDJAhtV+enfA+G89N6Csng=="
  "resolved" "https://registry.npmjs.org/resolve-pathname/-/resolve-pathname-3.0.0.tgz"
  "version" "3.0.0"

"scheduler@^0.20.1":
  "integrity" "sha512-LKTe+2xNJBNxu/QhHvDR14wUXHRQbVY5ZOYpOGWRzhydZUqrLb2JBvLPY7cAqFmqrWuDED0Mjk7013SZiOz6Bw=="
  "resolved" "https://registry.yarnpkg.com/scheduler/-/scheduler-0.20.1.tgz"
  "version" "0.20.1"
  dependencies:
    "loose-envify" "^1.1.0"
    "object-assign" "^4.1.1"

"simple-update-in@2.2.0":
  "integrity" "sha512-FrW41lLiOs82jKxwq39UrE1HDAHOvirKWk4Nv8tqnFFFknVbTxcHZzDS4vt02qqdU/5+KNsQHWzhKHznDBmrww=="
  "resolved" "https://registry.npmjs.org/simple-update-in/-/simple-update-in-2.2.0.tgz"
  "version" "2.2.0"

"socket.io-client@^3.1.1":
  "integrity" "sha512-BLgIuCjI7Sf3mDHunKddX9zKR/pbkP7IACM3sJS3jha+zJ6/pGKRV6Fz5XSBHCfUs9YzT8kYIqNwOOuFNLtnYA=="
  "resolved" "https://registry.npmjs.org/socket.io-client/-/socket.io-client-3.1.1.tgz"
  "version" "3.1.1"
  dependencies:
    "@types/component-emitter" "^1.2.10"
    "backo2" "~1.0.2"
    "component-emitter" "~1.3.0"
    "debug" "~4.3.1"
    "engine.io-client" "~4.1.0"
    "parseuri" "0.0.6"
    "socket.io-parser" "~4.0.4"

"socket.io-parser@~4.0.4":
  "integrity" "sha512-t+b0SS+IxG7Rxzda2EVvyBZbvFPBCjJoyHuE0P//7OAsN23GItzDRdWa6ALxZI/8R5ygK7jAR6t028/z+7295g=="
  "resolved" "https://registry.npmjs.org/socket.io-parser/-/socket.io-parser-4.0.4.tgz"
  "version" "4.0.4"
  dependencies:
    "@types/component-emitter" "^1.2.10"
    "component-emitter" "~1.3.0"
    "debug" "~4.3.1"

"source-map-resolve@^0.6.0":
  "integrity" "sha512-KXBr9d/fO/bWo97NXsPIAW1bFSBOuCnjbNTBMO7N59hsv5i9yzRDfcYwwt0l04+VqnKC+EwzvJZIP/qkuMgR/w=="
  "resolved" "https://registry.yarnpkg.com/source-map-resolve/-/source-map-resolve-0.6.0.tgz"
  "version" "0.6.0"
  dependencies:
    "atob" "^2.1.2"
    "decode-uri-component" "^0.2.0"

"source-map@^0.6.1":
  "integrity" "sha512-UjgapumWlbMhkBgzT7Ykc5YXUT46F0iKu8SGXq0bcwP5dz/h0Plj6enJqjz1Zbq2l5WaqYnrVbwWOWMyF3F47g=="
  "resolved" "https://registry.yarnpkg.com/source-map/-/source-map-0.6.1.tgz"
  "version" "0.6.1"

"strict-uri-encode@^1.0.0":
  "integrity" "sha1-J5siXfHVgrH1TmWt3UNS4Y+qBxM="
  "resolved" "https://registry.yarnpkg.com/strict-uri-encode/-/strict-uri-encode-1.1.0.tgz"
  "version" "1.1.0"

"strip-indent@^3.0.0":
  "integrity" "sha512-laJTa3Jb+VQpaC6DseHhF7dXVqHTfJPCRDaEbid/drOhgitgYku/letMUqOXFoWV0zIIUbjpdH2t+tYj4bQMRQ=="
  "resolved" "https://registry.yarnpkg.com/strip-indent/-/strip-indent-3.0.0.tgz"
  "version" "3.0.0"
  dependencies:
    "min-indent" "^1.0.0"

"supports-color@^5.3.0":
  "integrity" "sha512-QjVjwdXIt408MIiAqCX4oUKsgU2EqAGzs2Ppkm4aQYbjm+ZEWEcW4SfFNTr4uMNZma0ey4f5lgLrkB0aX0QMow=="
  "resolved" "https://registry.yarnpkg.com/supports-color/-/supports-color-5.5.0.tgz"
  "version" "5.5.0"
  dependencies:
    "has-flag" "^3.0.0"

"supports-color@^7.1.0":
  "integrity" "sha512-qpCAvRl9stuOHveKsn7HncJRvv501qIacKzQlO/+Lwxc9+0q2wLyv4Dfvt80/DPn2pqOBsJdDiogXGR9+OvwRw=="
  "resolved" "https://registry.yarnpkg.com/supports-color/-/supports-color-7.2.0.tgz"
  "version" "7.2.0"
  dependencies:
    "has-flag" "^4.0.0"

"tiny-invariant@^1.0.2":
  "integrity" "sha512-ytxQvrb1cPc9WBEI/HSeYYoGD0kWnGEOR8RY6KomWLBVhqz0RgTwVO9dLrGz7dC+nN9llyI7OKAgRq8Vq4ZBSw=="
  "resolved" "https://registry.npmjs.org/tiny-invariant/-/tiny-invariant-1.1.0.tgz"
  "version" "1.1.0"

"tiny-warning@^1.0.0", "tiny-warning@^1.0.3":
  "integrity" "sha512-lBN9zLN/oAf68o3zNXYrdCt1kP8WsiGW8Oo2ka41b2IM5JL/S1CTyX1rW0mb/zSuJun0ZUrDxx4sqvYS2FWzPA=="
  "resolved" "https://registry.npmjs.org/tiny-warning/-/tiny-warning-1.0.3.tgz"
  "version" "1.0.3"

"value-equal@^1.0.1":
  "integrity" "sha512-NOJ6JZCAWr0zlxZt+xqCHNTEKOsrks2HQd4MqhP1qy4z1SkbEP467eNx6TgDKXMvUOb+OENfJCZwM+16n7fRfw=="
  "resolved" "https://registry.npmjs.org/value-equal/-/value-equal-1.0.1.tgz"
  "version" "1.0.1"

"web-vitals@^1.0.1":
  "integrity" "sha512-1cx54eRxY/+M0KNKdNpNnuXAXG+vJEvwScV4DiV9rOYDguHoeDIzm09ghBohOPtkqPO5OtPC14FWkNva3SDisg=="
  "resolved" "https://registry.yarnpkg.com/web-vitals/-/web-vitals-1.1.0.tgz"
  "version" "1.1.0"

"ws@~7.4.2":
  "integrity" "sha512-hr6vCR76GsossIRsr8OLR9acVVm1jyfEWvhbNjtgPOrfvAlKzvyeg/P6r8RuDjRyrcQoPQT7K0DGEPc7Ae6jzA=="
  "resolved" "https://registry.npmjs.org/ws/-/ws-7.4.3.tgz"
  "version" "7.4.3"

"xmlhttprequest-ssl@~1.5.4":
  "integrity" "sha1-wodrBhaKrcQOV9l+gRkayPQ5iz4="
  "resolved" "https://registry.npmjs.org/xmlhttprequest-ssl/-/xmlhttprequest-ssl-1.5.5.tgz"
  "version" "1.5.5"

"yeast@0.1.2":
  "integrity" "sha1-AI4G2AlDIMNy28L47XagymyKxBk="
  "resolved" "https://registry.npmjs.org/yeast/-/yeast-0.1.2.tgz"
  "version" "0.1.2"
